
Microsoft Visual Studio Solution File, Format Version 12.00
# Visual Studio Version 16
VisualStudioVersion = 16.0.31515.178
MinimumVisualStudioVersion = 10.0.40219.1
Project("{FAE04EC0-301F-11D3-BF4B-00C04F79EFBC}") = "Converter", "Converter.csproj", "{98A8F558-2313-4615-A3D9-DB73C5D6D236}"
EndProject
Global
	GlobalSection(SolutionConfigurationPlatforms) = preSolution
		Debug|Any CPU = Debug|Any CPU
		Release|Any CPU = Release|Any CPU
	EndGlobalSection
	GlobalSection(ProjectConfigurationPlatforms) = postSolution
		{98A8F558-2313-4615-A3D9-DB73C5D6D236}.Debug|Any CPU.ActiveCfg = Debug|Any CPU
		{98A8F558-2313-4615-A3D9-DB73C5D6D236}.Debug|Any CPU.Build.0 = Debug|Any CPU
		{98A8F558-2313-4615-A3D9-DB73C5D6D236}.Release|Any CPU.ActiveCfg = Release|Any CPU
		{98A8F558-2313-4615-A3D9-DB73C5D6D236}.Release|Any CPU.Build.0 = Release|Any CPU
	EndGlobalSection
	GlobalSection(SolutionProperties) = preSolution
		HideSolutionNode = FALSE
	EndGlobalSection
	GlobalSection(ExtensibilityGlobals) = postSolution
		SolutionGuid = {3B4C811C-FE66-445F-80D5-13C882F8E169}
	EndGlobalSection
EndGlobal
